<Solution>
  <Folder Name="/src/">
    <Project Path="src/hhnl.Formicae.Api/hhnl.Formicae.Api.csproj" />
    <Project Path="src/hhnl.Formicae.Application/hhnl.Formicae.Application.csproj" />
    <Project Path="src/hhnl.Formicae.Infrastructure/hhnl.Formicae.Infrastructure.csproj" />
  </Folder>
  <Folder Name="/tests/">
    <Project Path="tests/hhnl.Formicae.Tests/hhnl.Formicae.Tests.csproj" />
  </Folder>
</Solution>
